{
  "version": "3",
  "packages": {
    "specifiers": {
      "jsr:@std/collections@^1.0.5": "jsr:@std/collections@1.0.6",
      "jsr:@std/front-matter@^1": "jsr:@std/front-matter@1.0.5",
      "jsr:@std/fs@^1": "jsr:@std/fs@1.0.3",
      "jsr:@std/path@^1": "jsr:@std/path@1.0.6",
      "jsr:@std/path@^1.0.4": "jsr:@std/path@1.0.6",
      "jsr:@std/toml@^1.0.1": "jsr:@std/toml@1.0.1",
      "jsr:@std/yaml@^1.0.5": "jsr:@std/yaml@1.0.5",
      "npm:clsx@^2.1.1": "npm:clsx@2.1.1",
      "npm:feed@^4.2.2": "npm:feed@4.2.2",
      "npm:lightningcss@^1.27.0": "npm:lightningcss@1.27.0",
      "npm:marked@^14.1.2": "npm:marked@14.1.2",
      "npm:octokit@4.0.2": "npm:octokit@4.0.2_@octokit+core@6.1.2",
      "npm:preact-render-to-string@^6.5.11": "npm:preact-render-to-string@6.5.11_preact@10.24.0",
      "npm:preact@^10.24.0": "npm:preact@10.24.0"
    },
    "jsr": {
      "@std/collections@1.0.6": {
        "integrity": "60ad252af7df0594e6455f697920a37cd523ad66469fefcc9735e362826ac01d"
      },
      "@std/front-matter@1.0.5": {
        "integrity": "abddc64030a33eb5bc524b8c73e7c417cea09177aaeb4abf75a56b540c4b6e60",
        "dependencies": [
          "jsr:@std/toml@^1.0.1",
          "jsr:@std/yaml@^1.0.5"
        ]
      },
      "@std/fs@1.0.3": {
        "integrity": "3cb839b1360b0a42d8b367c3093bfe4071798e6694fa44cf1963e04a8edba4fe",
        "dependencies": [
          "jsr:@std/path@^1.0.4"
        ]
      },
      "@std/path@1.0.6": {
        "integrity": "ab2c55f902b380cf28e0eec501b4906e4c1960d13f00e11cfbcd21de15f18fed"
      },
      "@std/toml@1.0.1": {
        "integrity": "b55b407159930f338d384b1f8fd317c8e8a35e27ebb8946155f49e3a158d16c4",
        "dependencies": [
          "jsr:@std/collections@^1.0.5"
        ]
      },
      "@std/yaml@1.0.5": {
        "integrity": "71ba3d334305ee2149391931508b2c293a8490f94a337eef3a09cade1a2a2742"
      }
    },
    "npm": {
      "@octokit/app@15.1.0_@octokit+core@6.1.2": {
        "integrity": "sha512-TkBr7QgOmE6ORxvIAhDbZsqPkF7RSqTY4pLTtUQCvr6dTXqvi2fFo46q3h1lxlk/sGMQjqyZ0kEahkD/NyzOHg==",
        "dependencies": {
          "@octokit/auth-app": "@octokit/auth-app@7.1.1",
          "@octokit/auth-unauthenticated": "@octokit/auth-unauthenticated@6.1.0",
          "@octokit/core": "@octokit/core@6.1.2",
          "@octokit/oauth-app": "@octokit/oauth-app@7.1.3",
          "@octokit/plugin-paginate-rest": "@octokit/plugin-paginate-rest@11.3.3_@octokit+core@6.1.2",
          "@octokit/types": "@octokit/types@13.5.0",
          "@octokit/webhooks": "@octokit/webhooks@13.3.0"
        }
      },
      "@octokit/auth-app@7.1.1": {
        "integrity": "sha512-kRAd6yelV9OgvlEJE88H0VLlQdZcag9UlLr7dV0YYP37X8PPDvhgiTy66QVhDXdyoT0AleFN2w/qXkPdrSzINg==",
        "dependencies": {
          "@octokit/auth-oauth-app": "@octokit/auth-oauth-app@8.1.1",
          "@octokit/auth-oauth-user": "@octokit/auth-oauth-user@5.1.1",
          "@octokit/request": "@octokit/request@9.1.3",
          "@octokit/request-error": "@octokit/request-error@6.1.4",
          "@octokit/types": "@octokit/types@13.5.0",
          "lru-cache": "lru-cache@10.4.3",
          "universal-github-app-jwt": "universal-github-app-jwt@2.2.0",
          "universal-user-agent": "universal-user-agent@7.0.2"
        }
      },
      "@octokit/auth-oauth-app@8.1.1": {
        "integrity": "sha512-5UtmxXAvU2wfcHIPPDWzVSAWXVJzG3NWsxb7zCFplCWEmMCArSZV0UQu5jw5goLQXbFyOr5onzEH37UJB3zQQg==",
        "dependencies": {
          "@octokit/auth-oauth-device": "@octokit/auth-oauth-device@7.1.1",
          "@octokit/auth-oauth-user": "@octokit/auth-oauth-user@5.1.1",
          "@octokit/request": "@octokit/request@9.1.3",
          "@octokit/types": "@octokit/types@13.5.0",
          "universal-user-agent": "universal-user-agent@7.0.2"
        }
      },
      "@octokit/auth-oauth-device@7.1.1": {
        "integrity": "sha512-HWl8lYueHonuyjrKKIup/1tiy0xcmQCdq5ikvMO1YwkNNkxb6DXfrPjrMYItNLyCP/o2H87WuijuE+SlBTT8eg==",
        "dependencies": {
          "@octokit/oauth-methods": "@octokit/oauth-methods@5.1.2",
          "@octokit/request": "@octokit/request@9.1.3",
          "@octokit/types": "@octokit/types@13.5.0",
          "universal-user-agent": "universal-user-agent@7.0.2"
        }
      },
      "@octokit/auth-oauth-user@5.1.1": {
        "integrity": "sha512-rRkMz0ErOppdvEfnemHJXgZ9vTPhBuC6yASeFaB7I2yLMd7QpjfrL1mnvRPlyKo+M6eeLxrKanXJ9Qte29SRsw==",
        "dependencies": {
          "@octokit/auth-oauth-device": "@octokit/auth-oauth-device@7.1.1",
          "@octokit/oauth-methods": "@octokit/oauth-methods@5.1.2",
          "@octokit/request": "@octokit/request@9.1.3",
          "@octokit/types": "@octokit/types@13.5.0",
          "universal-user-agent": "universal-user-agent@7.0.2"
        }
      },
      "@octokit/auth-token@5.1.1": {
        "integrity": "sha512-rh3G3wDO8J9wSjfI436JUKzHIxq8NaiL0tVeB2aXmG6p/9859aUOAjA9pmSPNGGZxfwmaJ9ozOJImuNVJdpvbA==",
        "dependencies": {}
      },
      "@octokit/auth-unauthenticated@6.1.0": {
        "integrity": "sha512-zPSmfrUAcspZH/lOFQnVnvjQZsIvmfApQH6GzJrkIunDooU1Su2qt2FfMTSVPRp7WLTQyC20Kd55lF+mIYaohQ==",
        "dependencies": {
          "@octokit/request-error": "@octokit/request-error@6.1.4",
          "@octokit/types": "@octokit/types@13.5.0"
        }
      },
      "@octokit/core@6.1.2": {
        "integrity": "sha512-hEb7Ma4cGJGEUNOAVmyfdB/3WirWMg5hDuNFVejGEDFqupeOysLc2sG6HJxY2etBp5YQu5Wtxwi020jS9xlUwg==",
        "dependencies": {
          "@octokit/auth-token": "@octokit/auth-token@5.1.1",
          "@octokit/graphql": "@octokit/graphql@8.1.1",
          "@octokit/request": "@octokit/request@9.1.3",
          "@octokit/request-error": "@octokit/request-error@6.1.4",
          "@octokit/types": "@octokit/types@13.5.0",
          "before-after-hook": "before-after-hook@3.0.2",
          "universal-user-agent": "universal-user-agent@7.0.2"
        }
      },
      "@octokit/endpoint@10.1.1": {
        "integrity": "sha512-JYjh5rMOwXMJyUpj028cu0Gbp7qe/ihxfJMLc8VZBMMqSwLgOxDI1911gV4Enl1QSavAQNJcwmwBF9M0VvLh6Q==",
        "dependencies": {
          "@octokit/types": "@octokit/types@13.5.0",
          "universal-user-agent": "universal-user-agent@7.0.2"
        }
      },
      "@octokit/graphql@8.1.1": {
        "integrity": "sha512-ukiRmuHTi6ebQx/HFRCXKbDlOh/7xEV6QUXaE7MJEKGNAncGI/STSbOkl12qVXZrfZdpXctx5O9X1AIaebiDBg==",
        "dependencies": {
          "@octokit/request": "@octokit/request@9.1.3",
          "@octokit/types": "@octokit/types@13.5.0",
          "universal-user-agent": "universal-user-agent@7.0.2"
        }
      },
      "@octokit/oauth-app@7.1.3": {
        "integrity": "sha512-EHXbOpBkSGVVGF1W+NLMmsnSsJRkcrnVmDKt0TQYRBb6xWfWzoi9sBD4DIqZ8jGhOWO/V8t4fqFyJ4vDQDn9bg==",
        "dependencies": {
          "@octokit/auth-oauth-app": "@octokit/auth-oauth-app@8.1.1",
          "@octokit/auth-oauth-user": "@octokit/auth-oauth-user@5.1.1",
          "@octokit/auth-unauthenticated": "@octokit/auth-unauthenticated@6.1.0",
          "@octokit/core": "@octokit/core@6.1.2",
          "@octokit/oauth-authorization-url": "@octokit/oauth-authorization-url@7.1.1",
          "@octokit/oauth-methods": "@octokit/oauth-methods@5.1.2",
          "@types/aws-lambda": "@types/aws-lambda@8.10.145",
          "universal-user-agent": "universal-user-agent@7.0.2"
        }
      },
      "@octokit/oauth-authorization-url@7.1.1": {
        "integrity": "sha512-ooXV8GBSabSWyhLUowlMIVd9l1s2nsOGQdlP2SQ4LnkEsGXzeCvbSbCPdZThXhEFzleGPwbapT0Sb+YhXRyjCA==",
        "dependencies": {}
      },
      "@octokit/oauth-methods@5.1.2": {
        "integrity": "sha512-C5lglRD+sBlbrhCUTxgJAFjWgJlmTx5bQ7Ch0+2uqRjYv7Cfb5xpX4WuSC9UgQna3sqRGBL9EImX9PvTpMaQ7g==",
        "dependencies": {
          "@octokit/oauth-authorization-url": "@octokit/oauth-authorization-url@7.1.1",
          "@octokit/request": "@octokit/request@9.1.3",
          "@octokit/request-error": "@octokit/request-error@6.1.4",
          "@octokit/types": "@octokit/types@13.5.0"
        }
      },
      "@octokit/openapi-types@22.2.0": {
        "integrity": "sha512-QBhVjcUa9W7Wwhm6DBFu6ZZ+1/t/oYxqc2tp81Pi41YNuJinbFRx8B133qVOrAaBbF7D/m0Et6f9/pZt9Rc+tg==",
        "dependencies": {}
      },
      "@octokit/openapi-webhooks-types@8.3.0": {
        "integrity": "sha512-vKLsoR4xQxg4Z+6rU/F65ItTUz/EXbD+j/d4mlq2GW8TsA4Tc8Kdma2JTAAJ5hrKWUQzkR/Esn2fjsqiVRYaQg==",
        "dependencies": {}
      },
      "@octokit/plugin-paginate-graphql@5.2.2_@octokit+core@6.1.2": {
        "integrity": "sha512-7znSVvlNAOJisCqAnjN1FtEziweOHSjPGAuc5W58NeGNAr/ZB57yCsjQbXDlWsVryA7hHQaEQPcBbJYFawlkyg==",
        "dependencies": {
          "@octokit/core": "@octokit/core@6.1.2"
        }
      },
      "@octokit/plugin-paginate-rest@11.3.3_@octokit+core@6.1.2": {
        "integrity": "sha512-o4WRoOJZlKqEEgj+i9CpcmnByvtzoUYC6I8PD2SA95M+BJ2x8h7oLcVOg9qcowWXBOdcTRsMZiwvM3EyLm9AfA==",
        "dependencies": {
          "@octokit/core": "@octokit/core@6.1.2",
          "@octokit/types": "@octokit/types@13.5.0"
        }
      },
      "@octokit/plugin-rest-endpoint-methods@13.2.4_@octokit+core@6.1.2": {
        "integrity": "sha512-gusyAVgTrPiuXOdfqOySMDztQHv6928PQ3E4dqVGEtOvRXAKRbJR4b1zQyniIT9waqaWk/UDaoJ2dyPr7Bk7Iw==",
        "dependencies": {
          "@octokit/core": "@octokit/core@6.1.2",
          "@octokit/types": "@octokit/types@13.5.0"
        }
      },
      "@octokit/plugin-retry@7.1.1_@octokit+core@6.1.2": {
        "integrity": "sha512-G9Ue+x2odcb8E1XIPhaFBnTTIrrUDfXN05iFXiqhR+SeeeDMMILcAnysOsxUpEWcQp2e5Ft397FCXTcPkiPkLw==",
        "dependencies": {
          "@octokit/core": "@octokit/core@6.1.2",
          "@octokit/request-error": "@octokit/request-error@6.1.4",
          "@octokit/types": "@octokit/types@13.5.0",
          "bottleneck": "bottleneck@2.19.5"
        }
      },
      "@octokit/plugin-throttling@9.3.1_@octokit+core@6.1.2": {
        "integrity": "sha512-Qd91H4liUBhwLB2h6jZ99bsxoQdhgPk6TdwnClPyTBSDAdviGPceViEgUwj+pcQDmB/rfAXAXK7MTochpHM3yQ==",
        "dependencies": {
          "@octokit/core": "@octokit/core@6.1.2",
          "@octokit/types": "@octokit/types@13.5.0",
          "bottleneck": "bottleneck@2.19.5"
        }
      },
      "@octokit/request-error@6.1.4": {
        "integrity": "sha512-VpAhIUxwhWZQImo/dWAN/NpPqqojR6PSLgLYAituLM6U+ddx9hCioFGwBr5Mi+oi5CLeJkcAs3gJ0PYYzU6wUg==",
        "dependencies": {
          "@octokit/types": "@octokit/types@13.5.0"
        }
      },
      "@octokit/request@9.1.3": {
        "integrity": "sha512-V+TFhu5fdF3K58rs1pGUJIDH5RZLbZm5BI+MNF+6o/ssFNT4vWlCh/tVpF3NxGtP15HUxTTMUbsG5llAuU2CZA==",
        "dependencies": {
          "@octokit/endpoint": "@octokit/endpoint@10.1.1",
          "@octokit/request-error": "@octokit/request-error@6.1.4",
          "@octokit/types": "@octokit/types@13.5.0",
          "universal-user-agent": "universal-user-agent@7.0.2"
        }
      },
      "@octokit/types@13.5.0": {
        "integrity": "sha512-HdqWTf5Z3qwDVlzCrP8UJquMwunpDiMPt5er+QjGzL4hqr/vBVY/MauQgS1xWxCDT1oMx1EULyqxncdCY/NVSQ==",
        "dependencies": {
          "@octokit/openapi-types": "@octokit/openapi-types@22.2.0"
        }
      },
      "@octokit/webhooks-methods@5.1.0": {
        "integrity": "sha512-yFZa3UH11VIxYnnoOYCVoJ3q4ChuSOk2IVBBQ0O3xtKX4x9bmKb/1t+Mxixv2iUhzMdOl1qeWJqEhouXXzB3rQ==",
        "dependencies": {}
      },
      "@octokit/webhooks@13.3.0": {
        "integrity": "sha512-TUkJLtI163Bz5+JK0O+zDkQpn4gKwN+BovclUvCj6pI/6RXrFqQvUMRS2M+Rt8Rv0qR3wjoMoOPmpJKeOh0nBg==",
        "dependencies": {
          "@octokit/openapi-webhooks-types": "@octokit/openapi-webhooks-types@8.3.0",
          "@octokit/request-error": "@octokit/request-error@6.1.4",
          "@octokit/webhooks-methods": "@octokit/webhooks-methods@5.1.0"
        }
      },
      "@types/aws-lambda@8.10.145": {
        "integrity": "sha512-dtByW6WiFk5W5Jfgz1VM+YPA21xMXTuSFoLYIDY0L44jDLLflVPtZkYuu3/YxpGcvjzKFBZLU+GyKjR0HOYtyw==",
        "dependencies": {}
      },
      "before-after-hook@3.0.2": {
        "integrity": "sha512-Nik3Sc0ncrMK4UUdXQmAnRtzmNQTAAXmXIopizwZ1W1t8QmfJj+zL4OA2I7XPTPW5z5TDqv4hRo/JzouDJnX3A==",
        "dependencies": {}
      },
      "bottleneck@2.19.5": {
        "integrity": "sha512-VHiNCbI1lKdl44tGrhNfU3lup0Tj/ZBMJB5/2ZbNXRCPuRCO7ed2mgcK4r17y+KB2EfuYuRaVlwNbAeaWGSpbw==",
        "dependencies": {}
      },
      "clsx@2.1.1": {
        "integrity": "sha512-eYm0QWBtUrBWZWG0d386OGAw16Z995PiOVo2B7bjWSbHedGl5e0ZWaq65kOGgUSNesEIDkB9ISbTg/JK9dhCZA==",
        "dependencies": {}
      },
      "detect-libc@1.0.3": {
        "integrity": "sha512-pGjwhsmsp4kL2RTz08wcOlGN83otlqHeD/Z5T8GXZB+/YcpQ/dgo+lbU8ZsGxV0HIvqqxo9l7mqYwyYMD9bKDg==",
        "dependencies": {}
      },
      "feed@4.2.2": {
        "integrity": "sha512-u5/sxGfiMfZNtJ3OvQpXcvotFpYkL0n9u9mM2vkui2nGo8b4wvDkJ8gAkYqbA8QpGyFCv3RK0Z+Iv+9veCS9bQ==",
        "dependencies": {
          "xml-js": "xml-js@1.6.11"
        }
      },
      "lightningcss-darwin-arm64@1.27.0": {
        "integrity": "sha512-Gl/lqIXY+d+ySmMbgDf0pgaWSqrWYxVHoc88q+Vhf2YNzZ8DwoRzGt5NZDVqqIW5ScpSnmmjcgXP87Dn2ylSSQ==",
        "dependencies": {}
      },
      "lightningcss-darwin-x64@1.27.0": {
        "integrity": "sha512-0+mZa54IlcNAoQS9E0+niovhyjjQWEMrwW0p2sSdLRhLDc8LMQ/b67z7+B5q4VmjYCMSfnFi3djAAQFIDuj/Tg==",
        "dependencies": {}
      },
      "lightningcss-freebsd-x64@1.27.0": {
        "integrity": "sha512-n1sEf85fePoU2aDN2PzYjoI8gbBqnmLGEhKq7q0DKLj0UTVmOTwDC7PtLcy/zFxzASTSBlVQYJUhwIStQMIpRA==",
        "dependencies": {}
      },
      "lightningcss-linux-arm-gnueabihf@1.27.0": {
        "integrity": "sha512-MUMRmtdRkOkd5z3h986HOuNBD1c2lq2BSQA1Jg88d9I7bmPGx08bwGcnB75dvr17CwxjxD6XPi3Qh8ArmKFqCA==",
        "dependencies": {}
      },
      "lightningcss-linux-arm64-gnu@1.27.0": {
        "integrity": "sha512-cPsxo1QEWq2sfKkSq2Bq5feQDHdUEwgtA9KaB27J5AX22+l4l0ptgjMZZtYtUnteBofjee+0oW1wQ1guv04a7A==",
        "dependencies": {}
      },
      "lightningcss-linux-arm64-musl@1.27.0": {
        "integrity": "sha512-rCGBm2ax7kQ9pBSeITfCW9XSVF69VX+fm5DIpvDZQl4NnQoMQyRwhZQm9pd59m8leZ1IesRqWk2v/DntMo26lg==",
        "dependencies": {}
      },
      "lightningcss-linux-x64-gnu@1.27.0": {
        "integrity": "sha512-Dk/jovSI7qqhJDiUibvaikNKI2x6kWPN79AQiD/E/KeQWMjdGe9kw51RAgoWFDi0coP4jinaH14Nrt/J8z3U4A==",
        "dependencies": {}
      },
      "lightningcss-linux-x64-musl@1.27.0": {
        "integrity": "sha512-QKjTxXm8A9s6v9Tg3Fk0gscCQA1t/HMoF7Woy1u68wCk5kS4fR+q3vXa1p3++REW784cRAtkYKrPy6JKibrEZA==",
        "dependencies": {}
      },
      "lightningcss-win32-arm64-msvc@1.27.0": {
        "integrity": "sha512-/wXegPS1hnhkeG4OXQKEMQeJd48RDC3qdh+OA8pCuOPCyvnm/yEayrJdJVqzBsqpy1aJklRCVxscpFur80o6iQ==",
        "dependencies": {}
      },
      "lightningcss-win32-x64-msvc@1.27.0": {
        "integrity": "sha512-/OJLj94Zm/waZShL8nB5jsNj3CfNATLCTyFxZyouilfTmSoLDX7VlVAmhPHoZWVFp4vdmoiEbPEYC8HID3m6yw==",
        "dependencies": {}
      },
      "lightningcss@1.27.0": {
        "integrity": "sha512-8f7aNmS1+etYSLHht0fQApPc2kNO8qGRutifN5rVIc6Xo6ABsEbqOr758UwI7ALVbTt4x1fllKt0PYgzD9S3yQ==",
        "dependencies": {
          "detect-libc": "detect-libc@1.0.3",
          "lightningcss-darwin-arm64": "lightningcss-darwin-arm64@1.27.0",
          "lightningcss-darwin-x64": "lightningcss-darwin-x64@1.27.0",
          "lightningcss-freebsd-x64": "lightningcss-freebsd-x64@1.27.0",
          "lightningcss-linux-arm-gnueabihf": "lightningcss-linux-arm-gnueabihf@1.27.0",
          "lightningcss-linux-arm64-gnu": "lightningcss-linux-arm64-gnu@1.27.0",
          "lightningcss-linux-arm64-musl": "lightningcss-linux-arm64-musl@1.27.0",
          "lightningcss-linux-x64-gnu": "lightningcss-linux-x64-gnu@1.27.0",
          "lightningcss-linux-x64-musl": "lightningcss-linux-x64-musl@1.27.0",
          "lightningcss-win32-arm64-msvc": "lightningcss-win32-arm64-msvc@1.27.0",
          "lightningcss-win32-x64-msvc": "lightningcss-win32-x64-msvc@1.27.0"
        }
      },
      "lru-cache@10.4.3": {
        "integrity": "sha512-JNAzZcXrCt42VGLuYz0zfAzDfAvJWW6AfYlDBQyDV5DClI2m5sAmK+OIO7s59XfsRsWHp02jAJrRadPRGTt6SQ==",
        "dependencies": {}
      },
      "marked@14.1.2": {
        "integrity": "sha512-f3r0yqpz31VXiDB/wj9GaOB0a2PRLQl6vJmXiFrniNwjkKdvakqJRULhjFKJpxOchlCRiG5fcacoUZY5Xa6PEQ==",
        "dependencies": {}
      },
      "octokit@4.0.2_@octokit+core@6.1.2": {
        "integrity": "sha512-wbqF4uc1YbcldtiBFfkSnquHtECEIpYD78YUXI6ri1Im5OO2NLo6ZVpRdbJpdnpZ05zMrVPssNiEo6JQtea+Qg==",
        "dependencies": {
          "@octokit/app": "@octokit/app@15.1.0_@octokit+core@6.1.2",
          "@octokit/core": "@octokit/core@6.1.2",
          "@octokit/oauth-app": "@octokit/oauth-app@7.1.3",
          "@octokit/plugin-paginate-graphql": "@octokit/plugin-paginate-graphql@5.2.2_@octokit+core@6.1.2",
          "@octokit/plugin-paginate-rest": "@octokit/plugin-paginate-rest@11.3.3_@octokit+core@6.1.2",
          "@octokit/plugin-rest-endpoint-methods": "@octokit/plugin-rest-endpoint-methods@13.2.4_@octokit+core@6.1.2",
          "@octokit/plugin-retry": "@octokit/plugin-retry@7.1.1_@octokit+core@6.1.2",
          "@octokit/plugin-throttling": "@octokit/plugin-throttling@9.3.1_@octokit+core@6.1.2",
          "@octokit/request-error": "@octokit/request-error@6.1.4",
          "@octokit/types": "@octokit/types@13.5.0"
        }
      },
      "preact-render-to-string@6.5.11_preact@10.24.0": {
        "integrity": "sha512-ubnauqoGczeGISiOh6RjX0/cdaF8v/oDXIjO85XALCQjwQP+SB4RDXXtvZ6yTYSjG+PC1QRP2AhPgCEsM2EvUw==",
        "dependencies": {
          "preact": "preact@10.24.0"
        }
      },
      "preact@10.24.0": {
        "integrity": "sha512-aK8Cf+jkfyuZ0ZZRG9FbYqwmEiGQ4y/PUO4SuTWoyWL244nZZh7bd5h2APd4rSNDYTBNghg1L+5iJN3Skxtbsw==",
        "dependencies": {}
      },
      "sax@1.4.1": {
        "integrity": "sha512-+aWOz7yVScEGoKNd4PA10LZ8sk0A/z5+nXQG5giUO5rprX9jgYsTdov9qCchZiPIZezbZH+jRut8nPodFAX4Jg==",
        "dependencies": {}
      },
      "universal-github-app-jwt@2.2.0": {
        "integrity": "sha512-G5o6f95b5BggDGuUfKDApKaCgNYy2x7OdHY0zSMF081O0EJobw+1130VONhrA7ezGSV2FNOGyM+KQpQZAr9bIQ==",
        "dependencies": {}
      },
      "universal-user-agent@7.0.2": {
        "integrity": "sha512-0JCqzSKnStlRRQfCdowvqy3cy0Dvtlb8xecj/H8JFZuCze4rwjPZQOgvFvn0Ws/usCHQFGpyr+pB9adaGwXn4Q==",
        "dependencies": {}
      },
      "xml-js@1.6.11": {
        "integrity": "sha512-7rVi2KMfwfWFl+GpPg6m80IVMWXLRjO+PxTq7V2CDhoGak0wzYzFgUY2m4XJ47OGdXd8eLE8EmwfAmdjw7lC1g==",
        "dependencies": {
          "sax": "sax@1.4.1"
        }
      }
    }
  },
  "remote": {
    "https://deno.land/x/fresh_charts@0.3.1/Chart.tsx": "0b67f9c26bcfd7c86d185b80f6e3cedd0a0dbcfaf9f5a54c308ae06c34ba10d7",
    "https://deno.land/x/fresh_charts@0.3.1/core.ts": "16890d5ecf98a4c668a7052dfdd64994c0fe38f5b80c9654a6f6073798e6f783",
    "https://deno.land/x/fresh_charts@0.3.1/deps.ts": "954b239be312a2b29a75da5c21f9e1ba5c16b53d687e10c64b8292feee798b8c",
    "https://deno.land/x/fresh_charts@0.3.1/deps_server.ts": "73715afde9ed29a0adf9eef8253c9e581b0e1b61254d42379764d28f8cb63625",
    "https://deno.land/x/fresh_charts@0.3.1/mod.ts": "e42efd8c50b6e999cf74b83f88bfeb97da80225389d852fb24ff16e4752146c2",
    "https://deno.land/x/fresh_charts@0.3.1/render.ts": "972e90ec4e61e3354164a5f9df1731f7bad3e29b2834ceb2b667d6935ea98b69",
    "https://esm.sh/stable/@kurkle/color@0.3.1": "85fb096404f0c267cfaccbc0ea8eb12e1e91fc78d15b60bf1d1e7ced3a83d167",
    "https://esm.sh/stable/chart.js@4.3.0/auto?target=es2022": "d42429b4aa087a11cc517e37661188dec86a90d305e69f7ddf6b66665a090430",
    "https://esm.sh/stable/red-agate-svg-canvas@0.5.0": "0fc62af1aa96a6cbd2e36527728ca9a32ab10ab68dbdbd4409b60523612804b4",
    "https://esm.sh/v128/@kurkle/color@0.3.1/denonext/color.mjs": "ceebe66dd0036fd9ae6e4c0f71a45b16239380f1d0fead68194cebe4f13600ac",
    "https://esm.sh/v128/@kurkle/color@0.3.2/es2022/color.mjs": "f58a39cebaabcb9796e07a5dd67040dd3284abbd22af200ab80eccf419009c26",
    "https://esm.sh/v128/chart.js@4.3.0/es2022/auto.js": "ba9fa004b7b3f5c68b6875298549666e70475d95b91773a0cc9eca7f734b5182",
    "https://esm.sh/v128/red-agate-svg-canvas@0.5.0/denonext/red-agate-svg-canvas.mjs": "2ef173c836debd43c5b3b2defc59caa9eafe065dc262407c402ecbcdcd47d1a3",
    "https://esm.sh/v128/red-agate-util@0.5.0/denonext/modules/convert/Base64.js": "ae35090536776a59cc5c1bb235990ff45d220bdbcae31db3b8d27fddcff4b666",
    "https://esm.sh/v128/red-agate-util@0.5.0/denonext/modules/convert/Escape.js": "32047eef1cbdb443e13b2f58b61267e22c47cadf59427f8278c8c040342074a6",
    "https://esm.sh/v128/red-agate-util@0.5.0/denonext/modules/convert/NumberPrecision.js": "ac3cf952b4ac33688223f96567fea8dca53f257cde247da7a464a19b8cf34f76",
    "https://esm.sh/v128/red-agate-util@0.5.0/denonext/modules/convert/TextEncoding.js": "9e88e2da12251eeb2515ef7b378bfab08759164f44d9948dbecd563a7a618f50",
    "https://esm.sh/v128/red-agate-util@0.5.0/denonext/modules/convert/WordWrap.js": "41050522a3f108b09d7304ae90200f42f62f190051b8c807501385f0733495cc"
  },
  "workspace": {
    "dependencies": [
      "jsr:@std/front-matter@^1",
      "jsr:@std/fs@^1",
      "jsr:@std/http@^1",
      "jsr:@std/path@^1",
      "npm:clsx@^2.1.1",
      "npm:feed@^4.2.2",
      "npm:lightningcss@^1.27.0",
      "npm:marked@^14.1.2",
      "npm:octokit@4.0.2",
      "npm:preact-render-to-string@^6.5.11",
      "npm:preact@^10.24.0"
    ]
  }
}
