{
  "version": "3",
  "packages": {
    "specifiers": {
      "jsr:@std/assert@^0.224.0": "jsr:@std/assert@0.224.0",
      "jsr:@std/collections@^1.0.2": "jsr:@std/collections@1.0.2",
      "jsr:@std/front-matter@^0.224.3": "jsr:@std/front-matter@0.224.3",
      "jsr:@std/fs@^0.224.0": "jsr:@std/fs@0.224.0",
      "jsr:@std/path@^0.224.0": "jsr:@std/path@0.224.0",
      "jsr:@std/toml@^1.0.0-rc.3": "jsr:@std/toml@1.0.0-rc.3",
      "jsr:@std/yaml@^1.0.0-rc.1": "jsr:@std/yaml@1.0.0-rc.1",
      "npm:clsx@^2.1.1": "npm:clsx@2.1.1",
      "npm:marked@^13.0.2": "npm:marked@13.0.2",
      "npm:preact-render-to-string@^6.4.2": "npm:preact-render-to-string@6.5.5_preact@10.22.1",
      "npm:preact@^10.22.0": "npm:preact@10.22.1"
    },
    "jsr": {
      "@std/assert@0.224.0": {
        "integrity": "8643233ec7aec38a940a8264a6e3eed9bfa44e7a71cc6b3c8874213ff401967f"
      },
      "@std/collections@1.0.2": {
        "integrity": "cb1834be534f967e86495f6c64fa06f6b3debdaab5b860c2d3194db59cd30157"
      },
      "@std/front-matter@0.224.3": {
        "integrity": "983e98b6fc90d614540d2176350e4edf7b6ec067b384c03245e2e795b66de9bb",
        "dependencies": [
          "jsr:@std/toml@^1.0.0-rc.3",
          "jsr:@std/yaml@^1.0.0-rc.1"
        ]
      },
      "@std/fs@0.224.0": {
        "integrity": "52a5ec89731ac0ca8f971079339286f88c571a4d61686acf75833f03a89d8e69",
        "dependencies": [
          "jsr:@std/assert@^0.224.0",
          "jsr:@std/path@^0.224.0"
        ]
      },
      "@std/path@0.224.0": {
        "integrity": "55bca6361e5a6d158b9380e82d4981d82d338ec587de02951e2b7c3a24910ee6",
        "dependencies": [
          "jsr:@std/assert@^0.224.0"
        ]
      },
      "@std/toml@1.0.0-rc.3": {
        "integrity": "7193135c2a1d67bf54ec1dda0a0c2c8f76ca6a1151eb6ff0779b6d7217a42117",
        "dependencies": [
          "jsr:@std/collections@^1.0.2"
        ]
      },
      "@std/yaml@1.0.0-rc.1": {
        "integrity": "ef57cfec54ce97e05a7659dd7925de5ef2b8d236064d1463b8bbcf0979e87aa7"
      }
    },
    "npm": {
      "clsx@2.1.1": {
        "integrity": "sha512-eYm0QWBtUrBWZWG0d386OGAw16Z995PiOVo2B7bjWSbHedGl5e0ZWaq65kOGgUSNesEIDkB9ISbTg/JK9dhCZA==",
        "dependencies": {}
      },
      "marked@13.0.2": {
        "integrity": "sha512-J6CPjP8pS5sgrRqxVRvkCIkZ6MFdRIjDkwUwgJ9nL2fbmM6qGQeB2C16hi8Cc9BOzj6xXzy0jyi0iPIfnMHYzA==",
        "dependencies": {}
      },
      "preact-render-to-string@6.5.5_preact@10.22.1": {
        "integrity": "sha512-KiMFTKNTmT/ccE79BURR/r6XRc2I2TCTZ0MpeWqHW2XnllbeghXvwGsdAfF/MzMilUcTfODtSmMxgoRFL9TM5g==",
        "dependencies": {
          "preact": "preact@10.22.1"
        }
      },
      "preact@10.22.1": {
        "integrity": "sha512-jRYbDDgMpIb5LHq3hkI0bbl+l/TQ9UnkdQ0ww+lp+4MMOdqaUYdFc5qeyP+IV8FAd/2Em7drVPeKdQxsiWCf/A==",
        "dependencies": {}
      }
    }
  },
  "remote": {
    "https://esm.sh/lightningcss-wasm@1.25.1": "4db5d501a110c7ae4c00b77a8af65dc9df98afd4963429ae2b306501c39ef624",
    "https://esm.sh/v135/lightningcss-wasm@1.25.1/denonext/lightningcss-wasm.mjs": "87407918463e846f97a0a0fac1c1e2dc27b53acdad5ad408c831e07605b10635",
    "https://esm.sh/v135/napi-wasm@1.1.0/denonext/napi-wasm.mjs": "9830428ba654bcb2fb077c0e3e49e3d78e6eb86c808c904f230876e02fa893bd"
  },
  "workspace": {
    "dependencies": [
      "jsr:@std/front-matter@^0.224.3",
      "jsr:@std/fs@^0.224.0",
      "jsr:@std/http@^0.224.0",
      "jsr:@std/path@^0.224.0",
      "npm:clsx@^2.1.1",
      "npm:marked@^13.0.2",
      "npm:preact-render-to-string@^6.4.2",
      "npm:preact@^10.22.0"
    ]
  }
}
